
Microsoft Visual Studio Solution File, Format Version 11.00
# Visual Studio 2010
Project("{FAE04EC0-301F-11D3-BF4B-00C04F79EFBC}") = "VRStudy01", "Assembly-CSharp.csproj", "{C24F6BF3-43B6-A88B-6D0B-4ADCACD3829B}"
EndProject
Project("{FAE04EC0-301F-11D3-BF4B-00C04F79EFBC}") = "VRStudy01", "Assembly-CSharp-Editor.csproj", "{F8A49744-E0D3-407F-BF52-59278A25921E}"
EndProject
Global
	GlobalSection(SolutionConfigurationPlatforms) = preSolution
		Debug|Any CPU = Debug|Any CPU
		Release|Any CPU = Release|Any CPU
	EndGlobalSection
	GlobalSection(ProjectConfigurationPlatforms) = postSolution
		{C24F6BF3-43B6-A88B-6D0B-4ADCACD3829B}.Debug|Any CPU.ActiveCfg = Debug|Any CPU
		{C24F6BF3-43B6-A88B-6D0B-4ADCACD3829B}.Debug|Any CPU.Build.0 = Debug|Any CPU
		{C24F6BF3-43B6-A88B-6D0B-4ADCACD3829B}.Release|Any CPU.ActiveCfg = Release|Any CPU
		{C24F6BF3-43B6-A88B-6D0B-4ADCACD3829B}.Release|Any CPU.Build.0 = Release|Any CPU
		{F8A49744-E0D3-407F-BF52-59278A25921E}.Debug|Any CPU.ActiveCfg = Debug|Any CPU
		{F8A49744-E0D3-407F-BF52-59278A25921E}.Debug|Any CPU.Build.0 = Debug|Any CPU
		{F8A49744-E0D3-407F-BF52-59278A25921E}.Release|Any CPU.ActiveCfg = Release|Any CPU
		{F8A49744-E0D3-407F-BF52-59278A25921E}.Release|Any CPU.Build.0 = Release|Any CPU
	EndGlobalSection
	GlobalSection(SolutionProperties) = preSolution
		HideSolutionNode = FALSE
	EndGlobalSection
	GlobalSection(MonoDevelopProperties) = preSolution
		StartupItem = Assembly-CSharp.csproj
	EndGlobalSection
EndGlobal
